
Microsoft Visual Studio Solution File, Format Version 12.00
# Visual Studio 15
Project("{FAE04EC0-301F-11D3-BF4B-00C04F79EFBC}") = "battleship", "battleship\battleship.csproj", "{B79134CE-EC33-436A-BE94-85AD08DD5E29}"
EndProject
Global
	GlobalSection(SolutionConfigurationPlatforms) = preSolution
		Debug|x86 = Debug|x86
		Release|x86 = Release|x86
	EndGlobalSection
	GlobalSection(ProjectConfigurationPlatforms) = postSolution
		{B79134CE-EC33-436A-BE94-85AD08DD5E29}.Debug|x86.ActiveCfg = Debug|x86
		{B79134CE-EC33-436A-BE94-85AD08DD5E29}.Debug|x86.Build.0 = Debug|x86
		{B79134CE-EC33-436A-BE94-85AD08DD5E29}.Release|x86.ActiveCfg = Release|x86
		{B79134CE-EC33-436A-BE94-85AD08DD5E29}.Release|x86.Build.0 = Release|x86
	EndGlobalSection
EndGlobal
