
Microsoft Visual Studio Solution File, Format Version 12.00
# Visual Studio 15
Project("{FAE04EC0-301F-11D3-BF4B-00C04F79EFBC}") = "Tic_tac_toe", "Tic_tac_toe\Tic_tac_toe.csproj", "{0751BE60-9200-47D4-9F08-AD8F5DE35435}"
EndProject
Global
	GlobalSection(SolutionConfigurationPlatforms) = preSolution
		Debug|x86 = Debug|x86
		Release|x86 = Release|x86
	EndGlobalSection
	GlobalSection(ProjectConfigurationPlatforms) = postSolution
		{0751BE60-9200-47D4-9F08-AD8F5DE35435}.Debug|x86.ActiveCfg = Debug|x86
		{0751BE60-9200-47D4-9F08-AD8F5DE35435}.Debug|x86.Build.0 = Debug|x86
		{0751BE60-9200-47D4-9F08-AD8F5DE35435}.Release|x86.ActiveCfg = Release|x86
		{0751BE60-9200-47D4-9F08-AD8F5DE35435}.Release|x86.Build.0 = Release|x86
	EndGlobalSection
EndGlobal
